
Microsoft Visual Studio Solution File, Format Version 12.00
# Visual Studio 2012
Project("{F088123C-0E9E-452A-89E6-6BA2F21D5CAC}") = "FinalTask", "FinalTask\FinalTask.modelproj", "{FD09C96C-9C73-4EFA-BC8B-672C7F4F9B3F}"
EndProject
Global
	GlobalSection(SolutionConfigurationPlatforms) = preSolution
		Debug|Any CPU = Debug|Any CPU
		Release|Any CPU = Release|Any CPU
	EndGlobalSection
	GlobalSection(ProjectConfigurationPlatforms) = postSolution
		{FD09C96C-9C73-4EFA-BC8B-672C7F4F9B3F}.Debug|Any CPU.ActiveCfg = Debug|Any CPU
		{FD09C96C-9C73-4EFA-BC8B-672C7F4F9B3F}.Debug|Any CPU.Build.0 = Debug|Any CPU
		{FD09C96C-9C73-4EFA-BC8B-672C7F4F9B3F}.Release|Any CPU.ActiveCfg = Release|Any CPU
		{FD09C96C-9C73-4EFA-BC8B-672C7F4F9B3F}.Release|Any CPU.Build.0 = Release|Any CPU
	EndGlobalSection
	GlobalSection(SolutionProperties) = preSolution
		HideSolutionNode = FALSE
	EndGlobalSection
EndGlobal
